
Microsoft Visual Studio Solution File, Format Version 12.00
# Visual Studio 15
VisualStudioVersion = 15.0.27428.2002
MinimumVisualStudioVersion = 10.0.40219.1
Project("{FAE04EC0-301F-11D3-BF4B-00C04F79EFBC}") = "Laba4-5", "Laba4-5\Laba4-5.csproj", "{EDBBA658-3A88-4977-A519-7E84D20952B1}"
EndProject
Global
	GlobalSection(SolutionConfigurationPlatforms) = preSolution
		Debug|Any CPU = Debug|Any CPU
		Release|Any CPU = Release|Any CPU
	EndGlobalSection
	GlobalSection(ProjectConfigurationPlatforms) = postSolution
		{EDBBA658-3A88-4977-A519-7E84D20952B1}.Debug|Any CPU.ActiveCfg = Debug|Any CPU
		{EDBBA658-3A88-4977-A519-7E84D20952B1}.Debug|Any CPU.Build.0 = Debug|Any CPU
		{EDBBA658-3A88-4977-A519-7E84D20952B1}.Release|Any CPU.ActiveCfg = Release|Any CPU
		{EDBBA658-3A88-4977-A519-7E84D20952B1}.Release|Any CPU.Build.0 = Release|Any CPU
	EndGlobalSection
	GlobalSection(SolutionProperties) = preSolution
		HideSolutionNode = FALSE
	EndGlobalSection
	GlobalSection(ExtensibilityGlobals) = postSolution
		SolutionGuid = {0036A4B8-4DFC-4EDA-96EC-0B16949CFC7B}
	EndGlobalSection
EndGlobal
