
Microsoft Visual Studio Solution File, Format Version 12.00
# Visual Studio 15
VisualStudioVersion = 15.0.27004.2008
MinimumVisualStudioVersion = 10.0.40219.1
Project("{FAE04EC0-301F-11D3-BF4B-00C04F79EFBC}") = "Laba2", "Laba2\Laba2.csproj", "{FD2798F8-1F6E-4AD8-A1B8-2040EAF87F02}"
EndProject
Global
	GlobalSection(SolutionConfigurationPlatforms) = preSolution
		Debug|Any CPU = Debug|Any CPU
		Release|Any CPU = Release|Any CPU
	EndGlobalSection
	GlobalSection(ProjectConfigurationPlatforms) = postSolution
		{FD2798F8-1F6E-4AD8-A1B8-2040EAF87F02}.Debug|Any CPU.ActiveCfg = Debug|Any CPU
		{FD2798F8-1F6E-4AD8-A1B8-2040EAF87F02}.Debug|Any CPU.Build.0 = Debug|Any CPU
		{FD2798F8-1F6E-4AD8-A1B8-2040EAF87F02}.Release|Any CPU.ActiveCfg = Release|Any CPU
		{FD2798F8-1F6E-4AD8-A1B8-2040EAF87F02}.Release|Any CPU.Build.0 = Release|Any CPU
	EndGlobalSection
	GlobalSection(SolutionProperties) = preSolution
		HideSolutionNode = FALSE
	EndGlobalSection
	GlobalSection(ExtensibilityGlobals) = postSolution
		SolutionGuid = {861C2C1E-42EB-4B8A-B50D-8E7DE4A1F575}
	EndGlobalSection
EndGlobal
